
Microsoft Visual Studio Solution File, Format Version 12.00
# Visual Studio Version 17
VisualStudioVersion = 17.13.35818.85 d17.13
MinimumVisualStudioVersion = 10.0.40219.1
Project("{FAE04EC0-301F-11D3-BF4B-00C04F79EFBC}") = "midtask_13", "midtask_13\midtask_13.csproj", "{88880C09-116B-474B-B988-E59742C95F24}"
EndProject
Global
	GlobalSection(SolutionConfigurationPlatforms) = preSolution
		Debug|Any CPU = Debug|Any CPU
		Release|Any CPU = Release|Any CPU
	EndGlobalSection
	GlobalSection(ProjectConfigurationPlatforms) = postSolution
		{88880C09-116B-474B-B988-E59742C95F24}.Debug|Any CPU.ActiveCfg = Debug|Any CPU
		{88880C09-116B-474B-B988-E59742C95F24}.Debug|Any CPU.Build.0 = Debug|Any CPU
		{88880C09-116B-474B-B988-E59742C95F24}.Release|Any CPU.ActiveCfg = Release|Any CPU
		{88880C09-116B-474B-B988-E59742C95F24}.Release|Any CPU.Build.0 = Release|Any CPU
	EndGlobalSection
	GlobalSection(SolutionProperties) = preSolution
		HideSolutionNode = FALSE
	EndGlobalSection
	GlobalSection(ExtensibilityGlobals) = postSolution
		SolutionGuid = {341FF900-9EDA-41DA-8E80-D7862C408BF3}
	EndGlobalSection
EndGlobal
